// !$*UTF8*$!
{
	archiveVersion = 1;
	classes = {
	};
	objectVersion = 46;
	objects = {

/* Begin PBXBuildFile section */
		6F5FE3791D4209E2003E5680 /* AppDelegate.swift in Sources */ = {isa = PBXBuildFile; fileRef = 6F5FE3781D4209E2003E5680 /* AppDelegate.swift */; };
		6F5FE37B1D4209E2003E5680 /* ViewController.swift in Sources */ = {isa = PBXBuildFile; fileRef = 6F5FE37A1D4209E2003E5680 /* ViewController.swift */; };
		6F5FE37E1D4209E2003E5680 /* Main.storyboard in Resources */ = {isa = PBXBuildFile; fileRef = 6F5FE37C1D4209E2003E5680 /* Main.storyboard */; };
		6F5FE3801D4209E2003E5680 /* Assets.xcassets in Resources */ = {isa = PBXBuildFile; fileRef = 6F5FE37F1D4209E2003E5680 /* Assets.xcassets */; };
		6F5FE3831D4209E2003E5680 /* LaunchScreen.storyboard in Resources */ = {isa = PBXBuildFile; fileRef = 6F5FE3811D4209E2003E5680 /* LaunchScreen.storyboard */; };
		6F5FE38E1D4209E2003E5680 /* SpectraWorkshop_iOS2Tests.swift in Sources */ = {isa = PBXBuildFile; fileRef = 6F5FE38D1D4209E2003E5680 /* SpectraWorkshop_iOS2Tests.swift */; };
		6F5FE3991D4209E2003E5680 /* SpectraWorkshop_iOS2UITests.swift in Sources */ = {isa = PBXBuildFile; fileRef = 6F5FE3981D4209E2003E5680 /* SpectraWorkshop_iOS2UITests.swift */; };
		6F5FE3A91D420BC4003E5680 /* AlarmViewController.swift in Sources */ = {isa = PBXBuildFile; fileRef = 6F5FE3A81D420BC4003E5680 /* AlarmViewController.swift */; };
/* End PBXBuildFile section */

/* Begin PBXContainerItemProxy section */
		6F5FE38A1D4209E2003E5680 /* PBXContainerItemProxy */ = {
			isa = PBXContainerItemProxy;
			containerPortal = 6F5FE36D1D4209E2003E5680 /* Project object */;
			proxyType = 1;
			remoteGlobalIDString = 6F5FE3741D4209E2003E5680;
			remoteInfo = "SpectraWorkshop-iOS2";
		};
		6F5FE3951D4209E2003E5680 /* PBXContainerItemProxy */ = {
			isa = PBXContainerItemProxy;
			containerPortal = 6F5FE36D1D4209E2003E5680 /* Project object */;
			proxyType = 1;
			remoteGlobalIDString = 6F5FE3741D4209E2003E5680;
			remoteInfo = "SpectraWorkshop-iOS2";
		};
/* End PBXContainerItemProxy section */

/* Begin PBXFileReference section */
		6F5FE3751D4209E2003E5680 /* SpectraWorkshop-iOS2.app */ = {isa = PBXFileReference; explicitFileType = wrapper.application; includeInIndex = 0; path = "SpectraWorkshop-iOS2.app"; sourceTree = BUILT_PRODUCTS_DIR; };
		6F5FE3781D4209E2003E5680 /* AppDelegate.swift */ = {isa = PBXFileReference; lastKnownFileType = sourcecode.swift; path = AppDelegate.swift; sourceTree = "<group>"; };
		6F5FE37A1D4209E2003E5680 /* ViewController.swift */ = {isa = PBXFileReference; lastKnownFileType = sourcecode.swift; path = ViewController.swift; sourceTree = "<group>"; };
		6F5FE37D1D4209E2003E5680 /* Base */ = {isa = PBXFileReference; lastKnownFileType = file.storyboard; name = Base; path = Base.lproj/Main.storyboard; sourceTree = "<group>"; };
		6F5FE37F1D4209E2003E5680 /* Assets.xcassets */ = {isa = PBXFileReference; lastKnownFileType = folder.assetcatalog; path = Assets.xcassets; sourceTree = "<group>"; };
		6F5FE3821D4209E2003E5680 /* Base */ = {isa = PBXFileReference; lastKnownFileType = file.storyboard; name = Base; path = Base.lproj/LaunchScreen.storyboard; sourceTree = "<group>"; };
		6F5FE3841D4209E2003E5680 /* Info.plist */ = {isa = PBXFileReference; lastKnownFileType = text.plist.xml; path = Info.plist; sourceTree = "<group>"; };
		6F5FE3891D4209E2003E5680 /* SpectraWorkshop-iOS2Tests.xctest */ = {isa = PBXFileReference; explicitFileType = wrapper.cfbundle; includeInIndex = 0; path = "SpectraWorkshop-iOS2Tests.xctest"; sourceTree = BUILT_PRODUCTS_DIR; };
		6F5FE38D1D4209E2003E5680 /* SpectraWorkshop_iOS2Tests.swift */ = {isa = PBXFileReference; lastKnownFileType = sourcecode.swift; path = SpectraWorkshop_iOS2Tests.swift; sourceTree = "<group>"; };
		6F5FE38F1D4209E2003E5680 /* Info.plist */ = {isa = PBXFileReference; lastKnownFileType = text.plist.xml; path = Info.plist; sourceTree = "<group>"; };
		6F5FE3941D4209E2003E5680 /* SpectraWorkshop-iOS2UITests.xctest */ = {isa = PBXFileReference; explicitFileType = wrapper.cfbundle; includeInIndex = 0; path = "SpectraWorkshop-iOS2UITests.xctest"; sourceTree = BUILT_PRODUCTS_DIR; };
		6F5FE3981D4209E2003E5680 /* SpectraWorkshop_iOS2UITests.swift */ = {isa = PBXFileReference; lastKnownFileType = sourcecode.swift; path = SpectraWorkshop_iOS2UITests.swift; sourceTree = "<group>"; };
		6F5FE39A1D4209E2003E5680 /* Info.plist */ = {isa = PBXFileReference; lastKnownFileType = text.plist.xml; path = Info.plist; sourceTree = "<group>"; };
		6F5FE3A81D420BC4003E5680 /* AlarmViewController.swift */ = {isa = PBXFileReference; fileEncoding = 4; lastKnownFileType = sourcecode.swift; name = AlarmViewController.swift; path = ../AlarmViewController.swift; sourceTree = "<group>"; };
/* End PBXFileReference section */

/* Begin PBXFrameworksBuildPhase section */
		6F5FE3721D4209E2003E5680 /* Frameworks */ = {
			isa = PBXFrameworksBuildPhase;
			buildActionMask = 2147483647;
			files = (
			);
			runOnlyForDeploymentPostprocessing = 0;
		};
		6F5FE3861D4209E2003E5680 /* Frameworks */ = {
			isa = PBXFrameworksBuildPhase;
			buildActionMask = 2147483647;
			files = (
			);
			runOnlyForDeploymentPostprocessing = 0;
		};
		6F5FE3911D4209E2003E5680 /* Frameworks */ = {
			isa = PBXFrameworksBuildPhase;
			buildActionMask = 2147483647;
			files = (
			);
			runOnlyForDeploymentPostprocessing = 0;
		};
/* End PBXFrameworksBuildPhase section */

/* Begin PBXGroup section */
		6F5FE36C1D4209E2003E5680 = {
			isa = PBXGroup;
			children = (
				6F5FE3771D4209E2003E5680 /* SpectraWorkshop-iOS2 */,
				6F5FE38C1D4209E2003E5680 /* SpectraWorkshop-iOS2Tests */,
				6F5FE3971D4209E2003E5680 /* SpectraWorkshop-iOS2UITests */,
				6F5FE3761D4209E2003E5680 /* Products */,
			);
			sourceTree = "<group>";
		};
		6F5FE3761D4209E2003E5680 /* Products */ = {
			isa = PBXGroup;
			children = (
				6F5FE3751D4209E2003E5680 /* SpectraWorkshop-iOS2.app */,
				6F5FE3891D4209E2003E5680 /* SpectraWorkshop-iOS2Tests.xctest */,
				6F5FE3941D4209E2003E5680 /* SpectraWorkshop-iOS2UITests.xctest */,
			);
			name = Products;
			sourceTree = "<group>";
		};
		6F5FE3771D4209E2003E5680 /* SpectraWorkshop-iOS2 */ = {
			isa = PBXGroup;
			children = (
				6F5FE3781D4209E2003E5680 /* AppDelegate.swift */,
				6F5FE3A81D420BC4003E5680 /* AlarmViewController.swift */,
				6F5FE37A1D4209E2003E5680 /* ViewController.swift */,
				6F5FE37C1D4209E2003E5680 /* Main.storyboard */,
				6F5FE37F1D4209E2003E5680 /* Assets.xcassets */,
				6F5FE3811D4209E2003E5680 /* LaunchScreen.storyboard */,
				6F5FE3841D4209E2003E5680 /* Info.plist */,
			);
			path = "SpectraWorkshop-iOS2";
			sourceTree = "<group>";
		};
		6F5FE38C1D4209E2003E5680 /* SpectraWorkshop-iOS2Tests */ = {
			isa = PBXGroup;
			children = (
				6F5FE38D1D4209E2003E5680 /* SpectraWorkshop_iOS2Tests.swift */,
				6F5FE38F1D4209E2003E5680 /* Info.plist */,
			);
			path = "SpectraWorkshop-iOS2Tests";
			sourceTree = "<group>";
		};
		6F5FE3971D4209E2003E5680 /* SpectraWorkshop-iOS2UITests */ = {
			isa = PBXGroup;
			children = (
				6F5FE3981D4209E2003E5680 /* SpectraWorkshop_iOS2UITests.swift */,
				6F5FE39A1D4209E2003E5680 /* Info.plist */,
			);
			path = "SpectraWorkshop-iOS2UITests";
			sourceTree = "<group>";
		};
/* End PBXGroup section */

/* Begin PBXNativeTarget section */
		6F5FE3741D4209E2003E5680 /* SpectraWorkshop-iOS2 */ = {
			isa = PBXNativeTarget;
			buildConfigurationList = 6F5FE39D1D4209E2003E5680 /* Build configuration list for PBXNativeTarget "SpectraWorkshop-iOS2" */;
			buildPhases = (
				6F5FE3711D4209E2003E5680 /* Sources */,
				6F5FE3721D4209E2003E5680 /* Frameworks */,
				6F5FE3731D4209E2003E5680 /* Resources */,
			);
			buildRules = (
			);
			dependencies = (
			);
			name = "SpectraWorkshop-iOS2";
			productName = "SpectraWorkshop-iOS2";
			productReference = 6F5FE3751D4209E2003E5680 /* SpectraWorkshop-iOS2.app */;
			productType = "com.apple.product-type.application";
		};
		6F5FE3881D4209E2003E5680 /* SpectraWorkshop-iOS2Tests */ = {
			isa = PBXNativeTarget;
			buildConfigurationList = 6F5FE3A01D4209E2003E5680 /* Build configuration list for PBXNativeTarget "SpectraWorkshop-iOS2Tests" */;
			buildPhases = (
				6F5FE3851D4209E2003E5680 /* Sources */,
				6F5FE3861D4209E2003E5680 /* Frameworks */,
				6F5FE3871D4209E2003E5680 /* Resources */,
			);
			buildRules = (
			);
			dependencies = (
				6F5FE38B1D4209E2003E5680 /* PBXTargetDependency */,
			);
			name = "SpectraWorkshop-iOS2Tests";
			productName = "SpectraWorkshop-iOS2Tests";
			productReference = 6F5FE3891D4209E2003E5680 /* SpectraWorkshop-iOS2Tests.xctest */;
			productType = "com.apple.product-type.bundle.unit-test";
		};
		6F5FE3931D4209E2003E5680 /* SpectraWorkshop-iOS2UITests */ = {
			isa = PBXNativeTarget;
			buildConfigurationList = 6F5FE3A31D4209E2003E5680 /* Build configuration list for PBXNativeTarget "SpectraWorkshop-iOS2UITests" */;
			buildPhases = (
				6F5FE3901D4209E2003E5680 /* Sources */,
				6F5FE3911D4209E2003E5680 /* Frameworks */,
				6F5FE3921D4209E2003E5680 /* Resources */,
			);
			buildRules = (
			);
			dependencies = (
				6F5FE3961D4209E2003E5680 /* PBXTargetDependency */,
			);
			name = "SpectraWorkshop-iOS2UITests";
			productName = "SpectraWorkshop-iOS2UITests";
			productReference = 6F5FE3941D4209E2003E5680 /* SpectraWorkshop-iOS2UITests.xctest */;
			productType = "com.apple.product-type.bundle.ui-testing";
		};
/* End PBXNativeTarget section */

/* Begin PBXProject section */
		6F5FE36D1D4209E2003E5680 /* Project object */ = {
			isa = PBXProject;
			attributes = {
				LastSwiftUpdateCheck = 0730;
				LastUpgradeCheck = 0730;
				ORGANIZATIONNAME = "___sks6___";
				TargetAttributes = {
					6F5FE3741D4209E2003E5680 = {
						CreatedOnToolsVersion = 7.3.1;
					};
					6F5FE3881D4209E2003E5680 = {
						CreatedOnToolsVersion = 7.3.1;
						TestTargetID = 6F5FE3741D4209E2003E5680;
					};
					6F5FE3931D4209E2003E5680 = {
						CreatedOnToolsVersion = 7.3.1;
						TestTargetID = 6F5FE3741D4209E2003E5680;
					};
				};
			};
			buildConfigurationList = 6F5FE3701D4209E2003E5680 /* Build configuration list for PBXProject "SpectraWorkshop-iOS2" */;
			compatibilityVersion = "Xcode 3.2";
			developmentRegion = English;
			hasScannedForEncodings = 0;
			knownRegions = (
				en,
				Base,
			);
			mainGroup = 6F5FE36C1D4209E2003E5680;
			productRefGroup = 6F5FE3761D4209E2003E5680 /* Products */;
			projectDirPath = "";
			projectRoot = "";
			targets = (
				6F5FE3741D4209E2003E5680 /* SpectraWorkshop-iOS2 */,
				6F5FE3881D4209E2003E5680 /* SpectraWorkshop-iOS2Tests */,
				6F5FE3931D4209E2003E5680 /* SpectraWorkshop-iOS2UITests */,
			);
		};
/* End PBXProject section */

/* Begin PBXResourcesBuildPhase section */
		6F5FE3731D4209E2003E5680 /* Resources */ = {
			isa = PBXResourcesBuildPhase;
			buildActionMask = 2147483647;
			files = (
				6F5FE3831D4209E2003E5680 /* LaunchScreen.storyboard in Resources */,
				6F5FE3801D4209E2003E5680 /* Assets.xcassets in Resources */,
				6F5FE37E1D4209E2003E5680 /* Main.storyboard in Resources */,
			);
			runOnlyForDeploymentPostprocessing = 0;
		};
		6F5FE3871D4209E2003E5680 /* Resources */ = {
			isa = PBXResourcesBuildPhase;
			buildActionMask = 2147483647;
			files = (
			);
			runOnlyForDeploymentPostprocessing = 0;
		};
		6F5FE3921D4209E2003E5680 /* Resources */ = {
			isa = PBXResourcesBuildPhase;
			buildActionMask = 2147483647;
			files = (
			);
			runOnlyForDeploymentPostprocessing = 0;
		};
/* End PBXResourcesBuildPhase section */

/* Begin PBXSourcesBuildPhase section */
		6F5FE3711D4209E2003E5680 /* Sources */ = {
			isa = PBXSourcesBuildPhase;
			buildActionMask = 2147483647;
			files = (
				6F5FE37B1D4209E2003E5680 /* ViewController.swift in Sources */,
				6F5FE3791D4209E2003E5680 /* AppDelegate.swift in Sources */,
				6F5FE3A91D420BC4003E5680 /* AlarmViewController.swift in Sources */,
			);
			runOnlyForDeploymentPostprocessing = 0;
		};
		6F5FE3851D4209E2003E5680 /* Sources */ = {
			isa = PBXSourcesBuildPhase;
			buildActionMask = 2147483647;
			files = (
				6F5FE38E1D4209E2003E5680 /* SpectraWorkshop_iOS2Tests.swift in Sources */,
			);
			runOnlyForDeploymentPostprocessing = 0;
		};
		6F5FE3901D4209E2003E5680 /* Sources */ = {
			isa = PBXSourcesBuildPhase;
			buildActionMask = 2147483647;
			files = (
				6F5FE3991D4209E2003E5680 /* SpectraWorkshop_iOS2UITests.swift in Sources */,
			);
			runOnlyForDeploymentPostprocessing = 0;
		};
/* End PBXSourcesBuildPhase section */

/* Begin PBXTargetDependency section */
		6F5FE38B1D4209E2003E5680 /* PBXTargetDependency */ = {
			isa = PBXTargetDependency;
			target = 6F5FE3741D4209E2003E5680 /* SpectraWorkshop-iOS2 */;
			targetProxy = 6F5FE38A1D4209E2003E5680 /* PBXContainerItemProxy */;
		};
		6F5FE3961D4209E2003E5680 /* PBXTargetDependency */ = {
			isa = PBXTargetDependency;
			target = 6F5FE3741D4209E2003E5680 /* SpectraWorkshop-iOS2 */;
			targetProxy = 6F5FE3951D4209E2003E5680 /* PBXContainerItemProxy */;
		};
/* End PBXTargetDependency section */

/* Begin PBXVariantGroup section */
		6F5FE37C1D4209E2003E5680 /* Main.storyboard */ = {
			isa = PBXVariantGroup;
			children = (
				6F5FE37D1D4209E2003E5680 /* Base */,
			);
			name = Main.storyboard;
			sourceTree = "<group>";
		};
		6F5FE3811D4209E2003E5680 /* LaunchScreen.storyboard */ = {
			isa = PBXVariantGroup;
			children = (
				6F5FE3821D4209E2003E5680 /* Base */,
			);
			name = LaunchScreen.storyboard;
			sourceTree = "<group>";
		};
/* End PBXVariantGroup section */

/* Begin XCBuildConfiguration section */
		6F5FE39B1D4209E2003E5680 /* Debug */ = {
			isa = XCBuildConfiguration;
			buildSettings = {
				ALWAYS_SEARCH_USER_PATHS = NO;
				CLANG_ANALYZER_NONNULL = YES;
				CLANG_CXX_LANGUAGE_STANDARD = "gnu++0x";
				CLANG_CXX_LIBRARY = "libc++";
				CLANG_ENABLE_MODULES = YES;
				CLANG_ENABLE_OBJC_ARC = YES;
				CLANG_WARN_BOOL_CONVERSION = YES;
				CLANG_WARN_CONSTANT_CONVERSION = YES;
				CLANG_WARN_DIRECT_OBJC_ISA_USAGE = YES_ERROR;
				CLANG_WARN_EMPTY_BODY = YES;
				CLANG_WARN_ENUM_CONVERSION = YES;
				CLANG_WARN_INT_CONVERSION = YES;
				CLANG_WARN_OBJC_ROOT_CLASS = YES_ERROR;
				CLANG_WARN_UNREACHABLE_CODE = YES;
				CLANG_WARN__DUPLICATE_METHOD_MATCH = YES;
				"CODE_SIGN_IDENTITY[sdk=iphoneos*]" = "iPhone Developer";
				COPY_PHASE_STRIP = NO;
				DEBUG_INFORMATION_FORMAT = dwarf;
				ENABLE_STRICT_OBJC_MSGSEND = YES;
				ENABLE_TESTABILITY = YES;
				GCC_C_LANGUAGE_STANDARD = gnu99;
				GCC_DYNAMIC_NO_PIC = NO;
				GCC_NO_COMMON_BLOCKS = YES;
				GCC_OPTIMIZATION_LEVEL = 0;
				GCC_PREPROCESSOR_DEFINITIONS = (
					"DEBUG=1",
					"$(inherited)",
				);
				GCC_WARN_64_TO_32_BIT_CONVERSION = YES;
				GCC_WARN_ABOUT_RETURN_TYPE = YES_ERROR;
				GCC_WARN_UNDECLARED_SELECTOR = YES;
				GCC_WARN_UNINITIALIZED_AUTOS = YES_AGGRESSIVE;
				GCC_WARN_UNUSED_FUNCTION = YES;
				GCC_WARN_UNUSED_VARIABLE = YES;
				IPHONEOS_DEPLOYMENT_TARGET = 9.3;
				MTL_ENABLE_DEBUG_INFO = YES;
				ONLY_ACTIVE_ARCH = YES;
				SDKROOT = iphoneos;
				SWIFT_OPTIMIZATION_LEVEL = "-Onone";
			};
			name = Debug;
		};
		6F5FE39C1D4209E2003E5680 /* Release */ = {
			isa = XCBuildConfiguration;
			buildSettings = {
				ALWAYS_SEARCH_USER_PATHS = NO;
				CLANG_ANALYZER_NONNULL = YES;
				CLANG_CXX_LANGUAGE_STANDARD = "gnu++0x";
				CLANG_CXX_LIBRARY = "libc++";
				CLANG_ENABLE_MODULES = YES;
				CLANG_ENABLE_OBJC_ARC = YES;
				CLANG_WARN_BOOL_CONVERSION = YES;
				CLANG_WARN_CONSTANT_CONVERSION = YES;
				CLANG_WARN_DIRECT_OBJC_ISA_USAGE = YES_ERROR;
				CLANG_WARN_EMPTY_BODY = YES;
				CLANG_WARN_ENUM_CONVERSION = YES;
				CLANG_WARN_INT_CONVERSION = YES;
				CLANG_WARN_OBJC_ROOT_CLASS = YES_ERROR;
				CLANG_WARN_UNREACHABLE_CODE = YES;
				CLANG_WARN__DUPLICATE_METHOD_MATCH = YES;
				"CODE_SIGN_IDENTITY[sdk=iphoneos*]" = "iPhone Developer";
				COPY_PHASE_STRIP = NO;
				DEBUG_INFORMATION_FORMAT = "dwarf-with-dsym";
				ENABLE_NS_ASSERTIONS = NO;
				ENABLE_STRICT_OBJC_MSGSEND = YES;
				GCC_C_LANGUAGE_STANDARD = gnu99;
				GCC_NO_COMMON_BLOCKS = YES;
				GCC_WARN_64_TO_32_BIT_CONVERSION = YES;
				GCC_WARN_ABOUT_RETURN_TYPE = YES_ERROR;
				GCC_WARN_UNDECLARED_SELECTOR = YES;
				GCC_WARN_UNINITIALIZED_AUTOS = YES_AGGRESSIVE;
				GCC_WARN_UNUSED_FUNCTION = YES;
				GCC_WARN_UNUSED_VARIABLE = YES;
				IPHONEOS_DEPLOYMENT_TARGET = 9.3;
				MTL_ENABLE_DEBUG_INFO = NO;
				SDKROOT = iphoneos;
				VALIDATE_PRODUCT = YES;
			};
			name = Release;
		};
		6F5FE39E1D4209E2003E5680 /* Debug */ = {
			isa = XCBuildConfiguration;
			buildSettings = {
				ASSETCATALOG_COMPILER_APPICON_NAME = AppIcon;
				INFOPLIST_FILE = "SpectraWorkshop-iOS2/Info.plist";
				LD_RUNPATH_SEARCH_PATHS = "$(inherited) @executable_path/Frameworks";
				PRODUCT_BUNDLE_IDENTIFIER = "edu.duke.scottyshaw.SpectraWorkshop-iOS2";
				PRODUCT_NAME = "$(TARGET_NAME)";
			};
			name = Debug;
		};
		6F5FE39F1D4209E2003E5680 /* Release */ = {
			isa = XCBuildConfiguration;
			buildSettings = {
				ASSETCATALOG_COMPILER_APPICON_NAME = AppIcon;
				INFOPLIST_FILE = "SpectraWorkshop-iOS2/Info.plist";
				LD_RUNPATH_SEARCH_PATHS = "$(inherited) @executable_path/Frameworks";
				PRODUCT_BUNDLE_IDENTIFIER = "edu.duke.scottyshaw.SpectraWorkshop-iOS2";
				PRODUCT_NAME = "$(TARGET_NAME)";
			};
			name = Release;
		};
		6F5FE3A11D4209E2003E5680 /* Debug */ = {
			isa = XCBuildConfiguration;
			buildSettings = {
				BUNDLE_LOADER = "$(TEST_HOST)";
				INFOPLIST_FILE = "SpectraWorkshop-iOS2Tests/Info.plist";
				LD_RUNPATH_SEARCH_PATHS = "$(inherited) @executable_path/Frameworks @loader_path/Frameworks";
				PRODUCT_BUNDLE_IDENTIFIER = "edu.duke.scottyshaw.SpectraWorkshop-iOS2Tests";
				PRODUCT_NAME = "$(TARGET_NAME)";
				TEST_HOST = "$(BUILT_PRODUCTS_DIR)/SpectraWorkshop-iOS2.app/SpectraWorkshop-iOS2";
			};
			name = Debug;
		};
		6F5FE3A21D4209E2003E5680 /* Release */ = {
			isa = XCBuildConfiguration;
			buildSettings = {
				BUNDLE_LOADER = "$(TEST_HOST)";
				INFOPLIST_FILE = "SpectraWorkshop-iOS2Tests/Info.plist";
				LD_RUNPATH_SEARCH_PATHS = "$(inherited) @executable_path/Frameworks @loader_path/Frameworks";
				PRODUCT_BUNDLE_IDENTIFIER = "edu.duke.scottyshaw.SpectraWorkshop-iOS2Tests";
				PRODUCT_NAME = "$(TARGET_NAME)";
				TEST_HOST = "$(BUILT_PRODUCTS_DIR)/SpectraWorkshop-iOS2.app/SpectraWorkshop-iOS2";
			};
			name = Release;
		};
		6F5FE3A41D4209E2003E5680 /* Debug */ = {
			isa = XCBuildConfiguration;
			buildSettings = {
				INFOPLIST_FILE = "SpectraWorkshop-iOS2UITests/Info.plist";
				LD_RUNPATH_SEARCH_PATHS = "$(inherited) @executable_path/Frameworks @loader_path/Frameworks";
				PRODUCT_BUNDLE_IDENTIFIER = "edu.duke.scottyshaw.SpectraWorkshop-iOS2UITests";
				PRODUCT_NAME = "$(TARGET_NAME)";
				TEST_TARGET_NAME = "SpectraWorkshop-iOS2";
			};
			name = Debug;
		};
		6F5FE3A51D4209E2003E5680 /* Release */ = {
			isa = XCBuildConfiguration;
			buildSettings = {
				INFOPLIST_FILE = "SpectraWorkshop-iOS2UITests/Info.plist";
				LD_RUNPATH_SEARCH_PATHS = "$(inherited) @executable_path/Frameworks @loader_path/Frameworks";
				PRODUCT_BUNDLE_IDENTIFIER = "edu.duke.scottyshaw.SpectraWorkshop-iOS2UITests";
				PRODUCT_NAME = "$(TARGET_NAME)";
				TEST_TARGET_NAME = "SpectraWorkshop-iOS2";
			};
			name = Release;
		};
/* End XCBuildConfiguration section */

/* Begin XCConfigurationList section */
		6F5FE3701D4209E2003E5680 /* Build configuration list for PBXProject "SpectraWorkshop-iOS2" */ = {
			isa = XCConfigurationList;
			buildConfigurations = (
				6F5FE39B1D4209E2003E5680 /* Debug */,
				6F5FE39C1D4209E2003E5680 /* Release */,
			);
			defaultConfigurationIsVisible = 0;
			defaultConfigurationName = Release;
		};
		6F5FE39D1D4209E2003E5680 /* Build configuration list for PBXNativeTarget "SpectraWorkshop-iOS2" */ = {
			isa = XCConfigurationList;
			buildConfigurations = (
				6F5FE39E1D4209E2003E5680 /* Debug */,
				6F5FE39F1D4209E2003E5680 /* Release */,
			);
			defaultConfigurationIsVisible = 0;
		};
		6F5FE3A01D4209E2003E5680 /* Build configuration list for PBXNativeTarget "SpectraWorkshop-iOS2Tests" */ = {
			isa = XCConfigurationList;
			buildConfigurations = (
				6F5FE3A11D4209E2003E5680 /* Debug */,
				6F5FE3A21D4209E2003E5680 /* Release */,
			);
			defaultConfigurationIsVisible = 0;
		};
		6F5FE3A31D4209E2003E5680 /* Build configuration list for PBXNativeTarget "SpectraWorkshop-iOS2UITests" */ = {
			isa = XCConfigurationList;
			buildConfigurations = (
				6F5FE3A41D4209E2003E5680 /* Debug */,
				6F5FE3A51D4209E2003E5680 /* Release */,
			);
			defaultConfigurationIsVisible = 0;
		};
/* End XCConfigurationList section */
	};
	rootObject = 6F5FE36D1D4209E2003E5680 /* Project object */;
}
